// !$*UTF8*$!
{
	archiveVersion = 1;
	classes = {
	};
	objectVersion = 50;
	objects = {

/* Begin PBXBuildFile section */
		57D82BE522AB17D200C636A5 /* AppDelegate.swift in Sources */ = {isa = PBXBuildFile; fileRef = 57D82BE422AB17D200C636A5 /* AppDelegate.swift */; };
		57D82BE722AB17D200C636A5 /* DetektController.swift in Sources */ = {isa = PBXBuildFile; fileRef = 57D82BE622AB17D200C636A5 /* DetektController.swift */; };
		57D82BF922AB184400C636A5 /* Resnet50.mlmodel in Sources */ = {isa = PBXBuildFile; fileRef = 57D82BF822AB184400C636A5 /* Resnet50.mlmodel */; };
		57D82BFB22AB184900C636A5 /* SqueezeNet.mlmodel in Sources */ = {isa = PBXBuildFile; fileRef = 57D82BFA22AB184900C636A5 /* SqueezeNet.mlmodel */; };
		57D82BFD22AB18E000C636A5 /* Assets.xcassets in Resources */ = {isa = PBXBuildFile; fileRef = 57D82BFC22AB18E000C636A5 /* Assets.xcassets */; };
		57D82C0422AB197700C636A5 /* Main.storyboard in Resources */ = {isa = PBXBuildFile; fileRef = 57D82C0222AB197700C636A5 /* Main.storyboard */; };
		57D82C0722AB197B00C636A5 /* LaunchScreen.storyboard in Resources */ = {isa = PBXBuildFile; fileRef = 57D82C0522AB197B00C636A5 /* LaunchScreen.storyboard */; };
		57E8DC8D22B42C4F00AF6E43 /* Detekt.xcdatamodeld in Sources */ = {isa = PBXBuildFile; fileRef = 57E8DC8B22B42C4F00AF6E43 /* Detekt.xcdatamodeld */; };
/* End PBXBuildFile section */

/* Begin PBXFileReference section */
		57D82BE122AB17D200C636A5 /* Detekt.app */ = {isa = PBXFileReference; explicitFileType = wrapper.application; includeInIndex = 0; path = Detekt.app; sourceTree = BUILT_PRODUCTS_DIR; };
		57D82BE422AB17D200C636A5 /* AppDelegate.swift */ = {isa = PBXFileReference; lastKnownFileType = sourcecode.swift; path = AppDelegate.swift; sourceTree = "<group>"; };
		57D82BE622AB17D200C636A5 /* DetektController.swift */ = {isa = PBXFileReference; lastKnownFileType = sourcecode.swift; path = DetektController.swift; sourceTree = "<group>"; };
		57D82BF022AB17D400C636A5 /* Info.plist */ = {isa = PBXFileReference; lastKnownFileType = text.plist.xml; path = Info.plist; sourceTree = "<group>"; };
		57D82BF822AB184400C636A5 /* Resnet50.mlmodel */ = {isa = PBXFileReference; lastKnownFileType = file.mlmodel; path = Resnet50.mlmodel; sourceTree = "<group>"; };
		57D82BFA22AB184900C636A5 /* SqueezeNet.mlmodel */ = {isa = PBXFileReference; lastKnownFileType = file.mlmodel; path = SqueezeNet.mlmodel; sourceTree = "<group>"; };
		57D82BFC22AB18E000C636A5 /* Assets.xcassets */ = {isa = PBXFileReference; lastKnownFileType = folder.assetcatalog; path = Assets.xcassets; sourceTree = "<group>"; };
		57D82C0322AB197700C636A5 /* Base */ = {isa = PBXFileReference; lastKnownFileType = file.storyboard; name = Base; path = Detekt/Base.lproj/Main.storyboard; sourceTree = "<group>"; };
		57D82C0622AB197B00C636A5 /* Base */ = {isa = PBXFileReference; lastKnownFileType = file.storyboard; name = Base; path = Detekt/Base.lproj/LaunchScreen.storyboard; sourceTree = "<group>"; };
		57E8DC8C22B42C4F00AF6E43 /* Model.xcdatamodel */ = {isa = PBXFileReference; lastKnownFileType = wrapper.xcdatamodel; path = Model.xcdatamodel; sourceTree = "<group>"; };
/* End PBXFileReference section */

/* Begin PBXFrameworksBuildPhase section */
		57D82BDE22AB17D200C636A5 /* Frameworks */ = {
			isa = PBXFrameworksBuildPhase;
			buildActionMask = 2147483647;
			files = (
			);
			runOnlyForDeploymentPostprocessing = 0;
		};
/* End PBXFrameworksBuildPhase section */

/* Begin PBXGroup section */
		57D82BD822AB17D200C636A5 = {
			isa = PBXGroup;
			children = (
				57D82BE322AB17D200C636A5 /* Detekt */,
				57D82C0222AB197700C636A5 /* Main.storyboard */,
				57D82C0522AB197B00C636A5 /* LaunchScreen.storyboard */,
				57D82BE222AB17D200C636A5 /* Products */,
			);
			sourceTree = "<group>";
		};
		57D82BE222AB17D200C636A5 /* Products */ = {
			isa = PBXGroup;
			children = (
				57D82BE122AB17D200C636A5 /* Detekt.app */,
			);
			name = Products;
			sourceTree = "<group>";
		};
		57D82BE322AB17D200C636A5 /* Detekt */ = {
			isa = PBXGroup;
			children = (
				57E8DC8E22B42C5B00AF6E43 /* Models */,
				57D82BF622AB17EB00C636A5 /* Important Stuff */,
				57D82BF722AB180C00C636A5 /* Controllers */,
			);
			path = Detekt;
			sourceTree = "<group>";
		};
		57D82BF622AB17EB00C636A5 /* Important Stuff */ = {
			isa = PBXGroup;
			children = (
				57D82BE422AB17D200C636A5 /* AppDelegate.swift */,
				57D82BFC22AB18E000C636A5 /* Assets.xcassets */,
				57E8DC8B22B42C4F00AF6E43 /* Detekt.xcdatamodeld */,
				57D82BF022AB17D400C636A5 /* Info.plist */,
			);
			path = "Important Stuff";
			sourceTree = "<group>";
		};
		57D82BF722AB180C00C636A5 /* Controllers */ = {
			isa = PBXGroup;
			children = (
				57D82BE622AB17D200C636A5 /* DetektController.swift */,
			);
			path = Controllers;
			sourceTree = "<group>";
		};
		57E8DC8E22B42C5B00AF6E43 /* Models */ = {
			isa = PBXGroup;
			children = (
				57D82BFA22AB184900C636A5 /* SqueezeNet.mlmodel */,
				57D82BF822AB184400C636A5 /* Resnet50.mlmodel */,
			);
			path = Models;
			sourceTree = "<group>";
		};
/* End PBXGroup section */

/* Begin PBXNativeTarget section */
		57D82BE022AB17D200C636A5 /* Detekt */ = {
			isa = PBXNativeTarget;
			buildConfigurationList = 57D82BF322AB17D400C636A5 /* Build configuration list for PBXNativeTarget "Detekt" */;
			buildPhases = (
				57D82BDD22AB17D200C636A5 /* Sources */,
				57D82BDE22AB17D200C636A5 /* Frameworks */,
				57D82BDF22AB17D200C636A5 /* Resources */,
			);
			buildRules = (
			);
			dependencies = (
			);
			name = Detekt;
			productName = Detekt;
			productReference = 57D82BE122AB17D200C636A5 /* Detekt.app */;
			productType = "com.apple.product-type.application";
		};
/* End PBXNativeTarget section */

/* Begin PBXProject section */
		57D82BD922AB17D200C636A5 /* Project object */ = {
			isa = PBXProject;
			attributes = {
				LastSwiftUpdateCheck = 1020;
				LastUpgradeCheck = 1020;
				ORGANIZATIONNAME = "Caden Kowalski";
				TargetAttributes = {
					57D82BE022AB17D200C636A5 = {
						CreatedOnToolsVersion = 10.2.1;
					};
				};
			};
			buildConfigurationList = 57D82BDC22AB17D200C636A5 /* Build configuration list for PBXProject "Detekt" */;
			compatibilityVersion = "Xcode 9.3";
			developmentRegion = en;
			hasScannedForEncodings = 0;
			knownRegions = (
				en,
				Base,
			);
			mainGroup = 57D82BD822AB17D200C636A5;
			productRefGroup = 57D82BE222AB17D200C636A5 /* Products */;
			projectDirPath = "";
			projectRoot = "";
			targets = (
				57D82BE022AB17D200C636A5 /* Detekt */,
			);
		};
/* End PBXProject section */

/* Begin PBXResourcesBuildPhase section */
		57D82BDF22AB17D200C636A5 /* Resources */ = {
			isa = PBXResourcesBuildPhase;
			buildActionMask = 2147483647;
			files = (
				57D82C0722AB197B00C636A5 /* LaunchScreen.storyboard in Resources */,
				57D82BFD22AB18E000C636A5 /* Assets.xcassets in Resources */,
				57D82C0422AB197700C636A5 /* Main.storyboard in Resources */,
			);
			runOnlyForDeploymentPostprocessing = 0;
		};
/* End PBXResourcesBuildPhase section */

/* Begin PBXSourcesBuildPhase section */
		57D82BDD22AB17D200C636A5 /* Sources */ = {
			isa = PBXSourcesBuildPhase;
			buildActionMask = 2147483647;
			files = (
				57D82BE722AB17D200C636A5 /* DetektController.swift in Sources */,
				57D82BF922AB184400C636A5 /* Resnet50.mlmodel in Sources */,
				57D82BE522AB17D200C636A5 /* AppDelegate.swift in Sources */,
				57D82BFB22AB184900C636A5 /* SqueezeNet.mlmodel in Sources */,
				57E8DC8D22B42C4F00AF6E43 /* Detekt.xcdatamodeld in Sources */,
			);
			runOnlyForDeploymentPostprocessing = 0;
		};
/* End PBXSourcesBuildPhase section */

/* Begin PBXVariantGroup section */
		57D82C0222AB197700C636A5 /* Main.storyboard */ = {
			isa = PBXVariantGroup;
			children = (
				57D82C0322AB197700C636A5 /* Base */,
			);
			name = Main.storyboard;
			sourceTree = "<group>";
		};
		57D82C0522AB197B00C636A5 /* LaunchScreen.storyboard */ = {
			isa = PBXVariantGroup;
			children = (
				57D82C0622AB197B00C636A5 /* Base */,
			);
			name = LaunchScreen.storyboard;
			sourceTree = "<group>";
		};
/* End PBXVariantGroup section */

/* Begin XCBuildConfiguration section */
		57D82BF122AB17D400C636A5 /* Debug */ = {
			isa = XCBuildConfiguration;
			buildSettings = {
				ALWAYS_SEARCH_USER_PATHS = NO;
				CLANG_ANALYZER_NONNULL = YES;
				CLANG_ANALYZER_NUMBER_OBJECT_CONVERSION = YES_AGGRESSIVE;
				CLANG_CXX_LANGUAGE_STANDARD = "gnu++14";
				CLANG_CXX_LIBRARY = "libc++";
				CLANG_ENABLE_MODULES = YES;
				CLANG_ENABLE_OBJC_ARC = YES;
				CLANG_ENABLE_OBJC_WEAK = YES;
				CLANG_WARN_BLOCK_CAPTURE_AUTORELEASING = YES;
				CLANG_WARN_BOOL_CONVERSION = YES;
				CLANG_WARN_COMMA = YES;
				CLANG_WARN_CONSTANT_CONVERSION = YES;
				CLANG_WARN_DEPRECATED_OBJC_IMPLEMENTATIONS = YES;
				CLANG_WARN_DIRECT_OBJC_ISA_USAGE = YES_ERROR;
				CLANG_WARN_DOCUMENTATION_COMMENTS = YES;
				CLANG_WARN_EMPTY_BODY = YES;
				CLANG_WARN_ENUM_CONVERSION = YES;
				CLANG_WARN_INFINITE_RECURSION = YES;
				CLANG_WARN_INT_CONVERSION = YES;
				CLANG_WARN_NON_LITERAL_NULL_CONVERSION = YES;
				CLANG_WARN_OBJC_IMPLICIT_RETAIN_SELF = YES;
				CLANG_WARN_OBJC_LITERAL_CONVERSION = YES;
				CLANG_WARN_OBJC_ROOT_CLASS = YES_ERROR;
				CLANG_WARN_RANGE_LOOP_ANALYSIS = YES;
				CLANG_WARN_STRICT_PROTOTYPES = YES;
				CLANG_WARN_SUSPICIOUS_MOVE = YES;
				CLANG_WARN_UNGUARDED_AVAILABILITY = YES_AGGRESSIVE;
				CLANG_WARN_UNREACHABLE_CODE = YES;
				CLANG_WARN__DUPLICATE_METHOD_MATCH = YES;
				CODE_SIGN_IDENTITY = "iPhone Developer";
				COPY_PHASE_STRIP = NO;
				DEBUG_INFORMATION_FORMAT = dwarf;
				ENABLE_STRICT_OBJC_MSGSEND = YES;
				ENABLE_TESTABILITY = YES;
				GCC_C_LANGUAGE_STANDARD = gnu11;
				GCC_DYNAMIC_NO_PIC = NO;
				GCC_NO_COMMON_BLOCKS = YES;
				GCC_OPTIMIZATION_LEVEL = 0;
				GCC_PREPROCESSOR_DEFINITIONS = (
					"DEBUG=1",
					"$(inherited)",
				);
				GCC_WARN_64_TO_32_BIT_CONVERSION = YES;
				GCC_WARN_ABOUT_RETURN_TYPE = YES_ERROR;
				GCC_WARN_UNDECLARED_SELECTOR = YES;
				GCC_WARN_UNINITIALIZED_AUTOS = YES_AGGRESSIVE;
				GCC_WARN_UNUSED_FUNCTION = YES;
				GCC_WARN_UNUSED_VARIABLE = YES;
				IPHONEOS_DEPLOYMENT_TARGET = 12.2;
				MTL_ENABLE_DEBUG_INFO = INCLUDE_SOURCE;
				MTL_FAST_MATH = YES;
				ONLY_ACTIVE_ARCH = YES;
				SDKROOT = iphoneos;
				SWIFT_ACTIVE_COMPILATION_CONDITIONS = DEBUG;
				SWIFT_OPTIMIZATION_LEVEL = "-Onone";
			};
			name = Debug;
		};
		57D82BF222AB17D400C636A5 /* Release */ = {
			isa = XCBuildConfiguration;
			buildSettings = {
				ALWAYS_SEARCH_USER_PATHS = NO;
				CLANG_ANALYZER_NONNULL = YES;
				CLANG_ANALYZER_NUMBER_OBJECT_CONVERSION = YES_AGGRESSIVE;
				CLANG_CXX_LANGUAGE_STANDARD = "gnu++14";
				CLANG_CXX_LIBRARY = "libc++";
				CLANG_ENABLE_MODULES = YES;
				CLANG_ENABLE_OBJC_ARC = YES;
				CLANG_ENABLE_OBJC_WEAK = YES;
				CLANG_WARN_BLOCK_CAPTURE_AUTORELEASING = YES;
				CLANG_WARN_BOOL_CONVERSION = YES;
				CLANG_WARN_COMMA = YES;
				CLANG_WARN_CONSTANT_CONVERSION = YES;
				CLANG_WARN_DEPRECATED_OBJC_IMPLEMENTATIONS = YES;
				CLANG_WARN_DIRECT_OBJC_ISA_USAGE = YES_ERROR;
				CLANG_WARN_DOCUMENTATION_COMMENTS = YES;
				CLANG_WARN_EMPTY_BODY = YES;
				CLANG_WARN_ENUM_CONVERSION = YES;
				CLANG_WARN_INFINITE_RECURSION = YES;
				CLANG_WARN_INT_CONVERSION = YES;
				CLANG_WARN_NON_LITERAL_NULL_CONVERSION = YES;
				CLANG_WARN_OBJC_IMPLICIT_RETAIN_SELF = YES;
				CLANG_WARN_OBJC_LITERAL_CONVERSION = YES;
				CLANG_WARN_OBJC_ROOT_CLASS = YES_ERROR;
				CLANG_WARN_RANGE_LOOP_ANALYSIS = YES;
				CLANG_WARN_STRICT_PROTOTYPES = YES;
				CLANG_WARN_SUSPICIOUS_MOVE = YES;
				CLANG_WARN_UNGUARDED_AVAILABILITY = YES_AGGRESSIVE;
				CLANG_WARN_UNREACHABLE_CODE = YES;
				CLANG_WARN__DUPLICATE_METHOD_MATCH = YES;
				CODE_SIGN_IDENTITY = "iPhone Developer";
				COPY_PHASE_STRIP = NO;
				DEBUG_INFORMATION_FORMAT = "dwarf-with-dsym";
				ENABLE_NS_ASSERTIONS = NO;
				ENABLE_STRICT_OBJC_MSGSEND = YES;
				GCC_C_LANGUAGE_STANDARD = gnu11;
				GCC_NO_COMMON_BLOCKS = YES;
				GCC_WARN_64_TO_32_BIT_CONVERSION = YES;
				GCC_WARN_ABOUT_RETURN_TYPE = YES_ERROR;
				GCC_WARN_UNDECLARED_SELECTOR = YES;
				GCC_WARN_UNINITIALIZED_AUTOS = YES_AGGRESSIVE;
				GCC_WARN_UNUSED_FUNCTION = YES;
				GCC_WARN_UNUSED_VARIABLE = YES;
				IPHONEOS_DEPLOYMENT_TARGET = 12.2;
				MTL_ENABLE_DEBUG_INFO = NO;
				MTL_FAST_MATH = YES;
				SDKROOT = iphoneos;
				SWIFT_COMPILATION_MODE = wholemodule;
				SWIFT_OPTIMIZATION_LEVEL = "-O";
				VALIDATE_PRODUCT = YES;
			};
			name = Release;
		};
		57D82BF422AB17D400C636A5 /* Debug */ = {
			isa = XCBuildConfiguration;
			buildSettings = {
				ASSETCATALOG_COMPILER_APPICON_NAME = AppIcon;
				CODE_SIGN_STYLE = Automatic;
				DEVELOPMENT_TEAM = 7ZA9Y8B6FF;
				INFOPLIST_FILE = "$(SRCROOT)/Detekt/Important Stuff/Info.plist";
				LD_RUNPATH_SEARCH_PATHS = (
					"$(inherited)",
					"@executable_path/Frameworks",
				);
				PRODUCT_BUNDLE_IDENTIFIER = com.example.Detekt;
				PRODUCT_NAME = "$(TARGET_NAME)";
				SWIFT_VERSION = 5.0;
				TARGETED_DEVICE_FAMILY = 1;
			};
			name = Debug;
		};
		57D82BF522AB17D400C636A5 /* Release */ = {
			isa = XCBuildConfiguration;
			buildSettings = {
				ASSETCATALOG_COMPILER_APPICON_NAME = AppIcon;
				CODE_SIGN_STYLE = Automatic;
				DEVELOPMENT_TEAM = 7ZA9Y8B6FF;
				INFOPLIST_FILE = "$(SRCROOT)/Detekt/Important Stuff/Info.plist";
				LD_RUNPATH_SEARCH_PATHS = (
					"$(inherited)",
					"@executable_path/Frameworks",
				);
				PRODUCT_BUNDLE_IDENTIFIER = com.example.Detekt;
				PRODUCT_NAME = "$(TARGET_NAME)";
				SWIFT_VERSION = 5.0;
				TARGETED_DEVICE_FAMILY = 1;
			};
			name = Release;
		};
/* End XCBuildConfiguration section */

/* Begin XCConfigurationList section */
		57D82BDC22AB17D200C636A5 /* Build configuration list for PBXProject "Detekt" */ = {
			isa = XCConfigurationList;
			buildConfigurations = (
				57D82BF122AB17D400C636A5 /* Debug */,
				57D82BF222AB17D400C636A5 /* Release */,
			);
			defaultConfigurationIsVisible = 0;
			defaultConfigurationName = Release;
		};
		57D82BF322AB17D400C636A5 /* Build configuration list for PBXNativeTarget "Detekt" */ = {
			isa = XCConfigurationList;
			buildConfigurations = (
				57D82BF422AB17D400C636A5 /* Debug */,
				57D82BF522AB17D400C636A5 /* Release */,
			);
			defaultConfigurationIsVisible = 0;
			defaultConfigurationName = Release;
		};
/* End XCConfigurationList section */

/* Begin XCVersionGroup section */
		57E8DC8B22B42C4F00AF6E43 /* Detekt.xcdatamodeld */ = {
			isa = XCVersionGroup;
			children = (
				57E8DC8C22B42C4F00AF6E43 /* Model.xcdatamodel */,
			);
			currentVersion = 57E8DC8C22B42C4F00AF6E43 /* Model.xcdatamodel */;
			path = Detekt.xcdatamodeld;
			sourceTree = "<group>";
			versionGroupType = wrapper.xcdatamodel;
		};
/* End XCVersionGroup section */
	};
	rootObject = 57D82BD922AB17D200C636A5 /* Project object */;
}
